
Microsoft Visual Studio Solution File, Format Version 12.00
# Visual Studio 15
VisualStudioVersion = 15.0.27130.2010
MinimumVisualStudioVersion = 10.0.40219.1
Project("{FAE04EC0-301F-11D3-BF4B-00C04F79EFBC}") = "P01CountWorkingDays", "P01CountWorkingDays\P01CountWorkingDays.csproj", "{64853D1D-DC14-4523-BEB0-8D58E227A0C6}"
EndProject
Global
	GlobalSection(SolutionConfigurationPlatforms) = preSolution
		Debug|Any CPU = Debug|Any CPU
		Release|Any CPU = Release|Any CPU
	EndGlobalSection
	GlobalSection(ProjectConfigurationPlatforms) = postSolution
		{64853D1D-DC14-4523-BEB0-8D58E227A0C6}.Debug|Any CPU.ActiveCfg = Debug|Any CPU
		{64853D1D-DC14-4523-BEB0-8D58E227A0C6}.Debug|Any CPU.Build.0 = Debug|Any CPU
		{64853D1D-DC14-4523-BEB0-8D58E227A0C6}.Release|Any CPU.ActiveCfg = Release|Any CPU
		{64853D1D-DC14-4523-BEB0-8D58E227A0C6}.Release|Any CPU.Build.0 = Release|Any CPU
	EndGlobalSection
	GlobalSection(SolutionProperties) = preSolution
		HideSolutionNode = FALSE
	EndGlobalSection
	GlobalSection(ExtensibilityGlobals) = postSolution
		SolutionGuid = {4F446EEA-0BA9-4014-8BF6-8E463206FA8B}
	EndGlobalSection
EndGlobal
