
Microsoft Visual Studio Solution File, Format Version 12.00
# Visual Studio 15
VisualStudioVersion = 15.0.27130.2010
MinimumVisualStudioVersion = 10.0.40219.1
Project("{9A19103F-16F7-4668-BE54-9A1E7A4F7556}") = "P01CountWorkingDays", "P01CountWorkingDays\P01CountWorkingDays.csproj", "{FF11CDFD-251F-48B7-A966-65DA14BF480A}"
EndProject
Project("{9A19103F-16F7-4668-BE54-9A1E7A4F7556}") = "P04AverageGrades", "P04AverageGrades\P04AverageGrades.csproj", "{A338B1AA-B81D-4AAD-98A6-A822117C9591}"
EndProject
Project("{9A19103F-16F7-4668-BE54-9A1E7A4F7556}") = "P05BookLibrary", "P05BookLibrary\P05BookLibrary.csproj", "{95814F96-BD41-4767-B80D-623447A3D252}"
EndProject
Project("{9A19103F-16F7-4668-BE54-9A1E7A4F7556}") = "P06BookLibraryModification", "P06BookLibraryModification\P06BookLibraryModification.csproj", "{D31D95A0-1113-466C-AC4F-6ACA2C0800E6}"
EndProject
Project("{FAE04EC0-301F-11D3-BF4B-00C04F79EFBC}") = "P02AdvertisementMessage", "P02AdvertisementMessage\P02AdvertisementMessage.csproj", "{335EE0DD-9CFD-4315-B641-CAE12C3742BB}"
EndProject
Global
	GlobalSection(SolutionConfigurationPlatforms) = preSolution
		Debug|Any CPU = Debug|Any CPU
		Release|Any CPU = Release|Any CPU
	EndGlobalSection
	GlobalSection(ProjectConfigurationPlatforms) = postSolution
		{FF11CDFD-251F-48B7-A966-65DA14BF480A}.Debug|Any CPU.ActiveCfg = Debug|Any CPU
		{FF11CDFD-251F-48B7-A966-65DA14BF480A}.Debug|Any CPU.Build.0 = Debug|Any CPU
		{FF11CDFD-251F-48B7-A966-65DA14BF480A}.Release|Any CPU.ActiveCfg = Release|Any CPU
		{FF11CDFD-251F-48B7-A966-65DA14BF480A}.Release|Any CPU.Build.0 = Release|Any CPU
		{A338B1AA-B81D-4AAD-98A6-A822117C9591}.Debug|Any CPU.ActiveCfg = Debug|Any CPU
		{A338B1AA-B81D-4AAD-98A6-A822117C9591}.Debug|Any CPU.Build.0 = Debug|Any CPU
		{A338B1AA-B81D-4AAD-98A6-A822117C9591}.Release|Any CPU.ActiveCfg = Release|Any CPU
		{A338B1AA-B81D-4AAD-98A6-A822117C9591}.Release|Any CPU.Build.0 = Release|Any CPU
		{95814F96-BD41-4767-B80D-623447A3D252}.Debug|Any CPU.ActiveCfg = Debug|Any CPU
		{95814F96-BD41-4767-B80D-623447A3D252}.Debug|Any CPU.Build.0 = Debug|Any CPU
		{95814F96-BD41-4767-B80D-623447A3D252}.Release|Any CPU.ActiveCfg = Release|Any CPU
		{95814F96-BD41-4767-B80D-623447A3D252}.Release|Any CPU.Build.0 = Release|Any CPU
		{D31D95A0-1113-466C-AC4F-6ACA2C0800E6}.Debug|Any CPU.ActiveCfg = Debug|Any CPU
		{D31D95A0-1113-466C-AC4F-6ACA2C0800E6}.Debug|Any CPU.Build.0 = Debug|Any CPU
		{D31D95A0-1113-466C-AC4F-6ACA2C0800E6}.Release|Any CPU.ActiveCfg = Release|Any CPU
		{D31D95A0-1113-466C-AC4F-6ACA2C0800E6}.Release|Any CPU.Build.0 = Release|Any CPU
		{335EE0DD-9CFD-4315-B641-CAE12C3742BB}.Debug|Any CPU.ActiveCfg = Debug|Any CPU
		{335EE0DD-9CFD-4315-B641-CAE12C3742BB}.Debug|Any CPU.Build.0 = Debug|Any CPU
		{335EE0DD-9CFD-4315-B641-CAE12C3742BB}.Release|Any CPU.ActiveCfg = Release|Any CPU
		{335EE0DD-9CFD-4315-B641-CAE12C3742BB}.Release|Any CPU.Build.0 = Release|Any CPU
	EndGlobalSection
	GlobalSection(SolutionProperties) = preSolution
		HideSolutionNode = FALSE
	EndGlobalSection
	GlobalSection(ExtensibilityGlobals) = postSolution
		SolutionGuid = {4F446EEA-0BA9-4014-8BF6-8E463206FA8B}
	EndGlobalSection
EndGlobal
