
Microsoft Visual Studio Solution File, Format Version 12.00
# Visual Studio 15
VisualStudioVersion = 15.0.27130.2010
MinimumVisualStudioVersion = 10.0.40219.1
Project("{FAE04EC0-301F-11D3-BF4B-00C04F79EFBC}") = "P01ArrayStatistics", "P01ArrayStatistics\P01ArrayStatistics.csproj", "{2D7AD424-14AB-47D5-952B-EDE903EBF80F}"
EndProject
Project("{FAE04EC0-301F-11D3-BF4B-00C04F79EFBC}") = "P02ManipulateArray", "P02ManipulateArray\P02ManipulateArray.csproj", "{3C9105F0-C11E-4EC8-85ED-AA3AA8065147}"
EndProject
Project("{FAE04EC0-301F-11D3-BF4B-00C04F79EFBC}") = "P03SafeManipulation", "P03SafeManipulation\P03SafeManipulation.csproj", "{6AB38852-F240-4E7B-8AB7-317124819EC7}"
EndProject
Project("{FAE04EC0-301F-11D3-BF4B-00C04F79EFBC}") = "P04GrabAndGo", "P04GrabAndGo\P04GrabAndGo.csproj", "{D5D83037-661E-4297-B2E4-2FC4F10E98BE}"
EndProject
Project("{FAE04EC0-301F-11D3-BF4B-00C04F79EFBC}") = "P05PizzaIngredients", "P05PizzaIngredients\P05PizzaIngredients.csproj", "{A9F19160-9573-4502-9E1F-2BA1F8985D09}"
EndProject
Global
	GlobalSection(SolutionConfigurationPlatforms) = preSolution
		Debug|Any CPU = Debug|Any CPU
		Release|Any CPU = Release|Any CPU
	EndGlobalSection
	GlobalSection(ProjectConfigurationPlatforms) = postSolution
		{2D7AD424-14AB-47D5-952B-EDE903EBF80F}.Debug|Any CPU.ActiveCfg = Debug|Any CPU
		{2D7AD424-14AB-47D5-952B-EDE903EBF80F}.Debug|Any CPU.Build.0 = Debug|Any CPU
		{2D7AD424-14AB-47D5-952B-EDE903EBF80F}.Release|Any CPU.ActiveCfg = Release|Any CPU
		{2D7AD424-14AB-47D5-952B-EDE903EBF80F}.Release|Any CPU.Build.0 = Release|Any CPU
		{3C9105F0-C11E-4EC8-85ED-AA3AA8065147}.Debug|Any CPU.ActiveCfg = Debug|Any CPU
		{3C9105F0-C11E-4EC8-85ED-AA3AA8065147}.Debug|Any CPU.Build.0 = Debug|Any CPU
		{3C9105F0-C11E-4EC8-85ED-AA3AA8065147}.Release|Any CPU.ActiveCfg = Release|Any CPU
		{3C9105F0-C11E-4EC8-85ED-AA3AA8065147}.Release|Any CPU.Build.0 = Release|Any CPU
		{6AB38852-F240-4E7B-8AB7-317124819EC7}.Debug|Any CPU.ActiveCfg = Debug|Any CPU
		{6AB38852-F240-4E7B-8AB7-317124819EC7}.Debug|Any CPU.Build.0 = Debug|Any CPU
		{6AB38852-F240-4E7B-8AB7-317124819EC7}.Release|Any CPU.ActiveCfg = Release|Any CPU
		{6AB38852-F240-4E7B-8AB7-317124819EC7}.Release|Any CPU.Build.0 = Release|Any CPU
		{D5D83037-661E-4297-B2E4-2FC4F10E98BE}.Debug|Any CPU.ActiveCfg = Debug|Any CPU
		{D5D83037-661E-4297-B2E4-2FC4F10E98BE}.Debug|Any CPU.Build.0 = Debug|Any CPU
		{D5D83037-661E-4297-B2E4-2FC4F10E98BE}.Release|Any CPU.ActiveCfg = Release|Any CPU
		{D5D83037-661E-4297-B2E4-2FC4F10E98BE}.Release|Any CPU.Build.0 = Release|Any CPU
		{A9F19160-9573-4502-9E1F-2BA1F8985D09}.Debug|Any CPU.ActiveCfg = Debug|Any CPU
		{A9F19160-9573-4502-9E1F-2BA1F8985D09}.Debug|Any CPU.Build.0 = Debug|Any CPU
		{A9F19160-9573-4502-9E1F-2BA1F8985D09}.Release|Any CPU.ActiveCfg = Release|Any CPU
		{A9F19160-9573-4502-9E1F-2BA1F8985D09}.Release|Any CPU.Build.0 = Release|Any CPU
	EndGlobalSection
	GlobalSection(SolutionProperties) = preSolution
		HideSolutionNode = FALSE
	EndGlobalSection
	GlobalSection(ExtensibilityGlobals) = postSolution
		SolutionGuid = {6AAC5687-3319-4282-B855-6E94B7006EB9}
	EndGlobalSection
EndGlobal
