
Microsoft Visual Studio Solution File, Format Version 12.00
# Visual Studio 15
VisualStudioVersion = 15.0.27130.2010
MinimumVisualStudioVersion = 10.0.40219.1
Project("{FAE04EC0-301F-11D3-BF4B-00C04F79EFBC}") = "P01Passed", "P01Passed\P01Passed.csproj", "{980AC923-75E7-4B63-8F8C-689B426EBECB}"
EndProject
Project("{FAE04EC0-301F-11D3-BF4B-00C04F79EFBC}") = "P02PassedOrFailed", "P02PassedOrFailed\P02PassedOrFailed.csproj", "{1A03C870-ED8F-4967-822C-213C3929C069}"
EndProject
Project("{FAE04EC0-301F-11D3-BF4B-00C04F79EFBC}") = "P03BackIn30Minutes", "P03BackIn30Minutes\P03BackIn30Minutes.csproj", "{B9FB7DEA-6666-4E7F-B05A-78160D73F74C}"
EndProject
Project("{FAE04EC0-301F-11D3-BF4B-00C04F79EFBC}") = "P04MonthPrinter", "P04MonthPrinter\P04MonthPrinter.csproj", "{95719528-9A7C-4C85-AEDD-4AF06937CC04}"
EndProject
Project("{FAE04EC0-301F-11D3-BF4B-00C04F79EFBC}") = "P05ForeignLanguages", "P05ForeignLanguages\P05ForeignLanguages.csproj", "{9C77F02C-AF13-4A02-8EFA-734518EB1F83}"
EndProject
Project("{FAE04EC0-301F-11D3-BF4B-00C04F79EFBC}") = "P06TheatrePromotion", "P06TheatrePromotion\P06TheatrePromotion.csproj", "{C1D0B35A-35FA-4666-A759-964AAE225687}"
EndProject
Project("{FAE04EC0-301F-11D3-BF4B-00C04F79EFBC}") = "P07DivisibleBy3", "P07DivisibleBy3\P07DivisibleBy3.csproj", "{E479A041-9F02-4DC3-BED0-E8E110F08DC2}"
EndProject
Project("{FAE04EC0-301F-11D3-BF4B-00C04F79EFBC}") = "P08SumOfOddNumbers", "P08SumOfOddNumbers\P08SumOfOddNumbers.csproj", "{17677007-2A26-4351-AFFC-25DB06EE5C00}"
EndProject
Project("{FAE04EC0-301F-11D3-BF4B-00C04F79EFBC}") = "P09MultiplicationTable", "P09MultiplicationTable\P09MultiplicationTable.csproj", "{921951B2-0AF5-4A67-AE78-FFB0E4769151}"
EndProject
Project("{FAE04EC0-301F-11D3-BF4B-00C04F79EFBC}") = "P10MultiplicationTable2", "P10MultiplicationTable2\P10MultiplicationTable2.csproj", "{4AA21A5A-CE62-4FD9-A33B-043712168062}"
EndProject
Project("{FAE04EC0-301F-11D3-BF4B-00C04F79EFBC}") = "P11OddNumber", "P11OddNumber\P11OddNumber.csproj", "{B7CDB878-732B-46B2-9EB5-3996998EDEAC}"
EndProject
Project("{FAE04EC0-301F-11D3-BF4B-00C04F79EFBC}") = "P12NumberChecker", "P12NumberChecker\P12NumberChecker.csproj", "{8590E4D1-E992-4B40-AE61-1EBCFF0684F0}"
EndProject
Global
	GlobalSection(SolutionConfigurationPlatforms) = preSolution
		Debug|Any CPU = Debug|Any CPU
		Release|Any CPU = Release|Any CPU
	EndGlobalSection
	GlobalSection(ProjectConfigurationPlatforms) = postSolution
		{980AC923-75E7-4B63-8F8C-689B426EBECB}.Debug|Any CPU.ActiveCfg = Debug|Any CPU
		{980AC923-75E7-4B63-8F8C-689B426EBECB}.Debug|Any CPU.Build.0 = Debug|Any CPU
		{980AC923-75E7-4B63-8F8C-689B426EBECB}.Release|Any CPU.ActiveCfg = Release|Any CPU
		{980AC923-75E7-4B63-8F8C-689B426EBECB}.Release|Any CPU.Build.0 = Release|Any CPU
		{1A03C870-ED8F-4967-822C-213C3929C069}.Debug|Any CPU.ActiveCfg = Debug|Any CPU
		{1A03C870-ED8F-4967-822C-213C3929C069}.Debug|Any CPU.Build.0 = Debug|Any CPU
		{1A03C870-ED8F-4967-822C-213C3929C069}.Release|Any CPU.ActiveCfg = Release|Any CPU
		{1A03C870-ED8F-4967-822C-213C3929C069}.Release|Any CPU.Build.0 = Release|Any CPU
		{B9FB7DEA-6666-4E7F-B05A-78160D73F74C}.Debug|Any CPU.ActiveCfg = Debug|Any CPU
		{B9FB7DEA-6666-4E7F-B05A-78160D73F74C}.Debug|Any CPU.Build.0 = Debug|Any CPU
		{B9FB7DEA-6666-4E7F-B05A-78160D73F74C}.Release|Any CPU.ActiveCfg = Release|Any CPU
		{B9FB7DEA-6666-4E7F-B05A-78160D73F74C}.Release|Any CPU.Build.0 = Release|Any CPU
		{95719528-9A7C-4C85-AEDD-4AF06937CC04}.Debug|Any CPU.ActiveCfg = Debug|Any CPU
		{95719528-9A7C-4C85-AEDD-4AF06937CC04}.Debug|Any CPU.Build.0 = Debug|Any CPU
		{95719528-9A7C-4C85-AEDD-4AF06937CC04}.Release|Any CPU.ActiveCfg = Release|Any CPU
		{95719528-9A7C-4C85-AEDD-4AF06937CC04}.Release|Any CPU.Build.0 = Release|Any CPU
		{9C77F02C-AF13-4A02-8EFA-734518EB1F83}.Debug|Any CPU.ActiveCfg = Debug|Any CPU
		{9C77F02C-AF13-4A02-8EFA-734518EB1F83}.Debug|Any CPU.Build.0 = Debug|Any CPU
		{9C77F02C-AF13-4A02-8EFA-734518EB1F83}.Release|Any CPU.ActiveCfg = Release|Any CPU
		{9C77F02C-AF13-4A02-8EFA-734518EB1F83}.Release|Any CPU.Build.0 = Release|Any CPU
		{C1D0B35A-35FA-4666-A759-964AAE225687}.Debug|Any CPU.ActiveCfg = Debug|Any CPU
		{C1D0B35A-35FA-4666-A759-964AAE225687}.Debug|Any CPU.Build.0 = Debug|Any CPU
		{C1D0B35A-35FA-4666-A759-964AAE225687}.Release|Any CPU.ActiveCfg = Release|Any CPU
		{C1D0B35A-35FA-4666-A759-964AAE225687}.Release|Any CPU.Build.0 = Release|Any CPU
		{E479A041-9F02-4DC3-BED0-E8E110F08DC2}.Debug|Any CPU.ActiveCfg = Debug|Any CPU
		{E479A041-9F02-4DC3-BED0-E8E110F08DC2}.Debug|Any CPU.Build.0 = Debug|Any CPU
		{E479A041-9F02-4DC3-BED0-E8E110F08DC2}.Release|Any CPU.ActiveCfg = Release|Any CPU
		{E479A041-9F02-4DC3-BED0-E8E110F08DC2}.Release|Any CPU.Build.0 = Release|Any CPU
		{17677007-2A26-4351-AFFC-25DB06EE5C00}.Debug|Any CPU.ActiveCfg = Debug|Any CPU
		{17677007-2A26-4351-AFFC-25DB06EE5C00}.Debug|Any CPU.Build.0 = Debug|Any CPU
		{17677007-2A26-4351-AFFC-25DB06EE5C00}.Release|Any CPU.ActiveCfg = Release|Any CPU
		{17677007-2A26-4351-AFFC-25DB06EE5C00}.Release|Any CPU.Build.0 = Release|Any CPU
		{921951B2-0AF5-4A67-AE78-FFB0E4769151}.Debug|Any CPU.ActiveCfg = Debug|Any CPU
		{921951B2-0AF5-4A67-AE78-FFB0E4769151}.Debug|Any CPU.Build.0 = Debug|Any CPU
		{921951B2-0AF5-4A67-AE78-FFB0E4769151}.Release|Any CPU.ActiveCfg = Release|Any CPU
		{921951B2-0AF5-4A67-AE78-FFB0E4769151}.Release|Any CPU.Build.0 = Release|Any CPU
		{4AA21A5A-CE62-4FD9-A33B-043712168062}.Debug|Any CPU.ActiveCfg = Debug|Any CPU
		{4AA21A5A-CE62-4FD9-A33B-043712168062}.Debug|Any CPU.Build.0 = Debug|Any CPU
		{4AA21A5A-CE62-4FD9-A33B-043712168062}.Release|Any CPU.ActiveCfg = Release|Any CPU
		{4AA21A5A-CE62-4FD9-A33B-043712168062}.Release|Any CPU.Build.0 = Release|Any CPU
		{B7CDB878-732B-46B2-9EB5-3996998EDEAC}.Debug|Any CPU.ActiveCfg = Debug|Any CPU
		{B7CDB878-732B-46B2-9EB5-3996998EDEAC}.Debug|Any CPU.Build.0 = Debug|Any CPU
		{B7CDB878-732B-46B2-9EB5-3996998EDEAC}.Release|Any CPU.ActiveCfg = Release|Any CPU
		{B7CDB878-732B-46B2-9EB5-3996998EDEAC}.Release|Any CPU.Build.0 = Release|Any CPU
		{8590E4D1-E992-4B40-AE61-1EBCFF0684F0}.Debug|Any CPU.ActiveCfg = Debug|Any CPU
		{8590E4D1-E992-4B40-AE61-1EBCFF0684F0}.Debug|Any CPU.Build.0 = Debug|Any CPU
		{8590E4D1-E992-4B40-AE61-1EBCFF0684F0}.Release|Any CPU.ActiveCfg = Release|Any CPU
		{8590E4D1-E992-4B40-AE61-1EBCFF0684F0}.Release|Any CPU.Build.0 = Release|Any CPU
	EndGlobalSection
	GlobalSection(SolutionProperties) = preSolution
		HideSolutionNode = FALSE
	EndGlobalSection
	GlobalSection(ExtensibilityGlobals) = postSolution
		SolutionGuid = {0C9503CF-367C-4BC8-83BC-CE2B695588B2}
	EndGlobalSection
EndGlobal
