
Microsoft Visual Studio Solution File, Format Version 12.00
# Visual Studio 15
VisualStudioVersion = 15.0.27130.2010
MinimumVisualStudioVersion = 10.0.40219.1
Project("{9A19103F-16F7-4668-BE54-9A1E7A4F7556}") = "P01CountRealNumbers", "P01CountRealNumbers\P01CountRealNumbers.csproj", "{327CABCE-3E3A-4FE7-99D5-F074E4B5AE16}"
EndProject
Project("{9A19103F-16F7-4668-BE54-9A1E7A4F7556}") = "P02OddOccurrences", "P02OddOccurrences\P02OddOccurrences.csproj", "{B70E742A-565A-402F-B84A-4E06ECFEA0D6}"
EndProject
Project("{9A19103F-16F7-4668-BE54-9A1E7A4F7556}") = "P03MinMaxSumAverage", "P03MinMaxSumAverage\P03MinMaxSumAverage.csproj", "{8F6FF49F-9086-4802-AF20-C4FAB61E6E1E}"
EndProject
Project("{9A19103F-16F7-4668-BE54-9A1E7A4F7556}") = "P04LargestThreeNumbers", "P04LargestThreeNumbers\P04LargestThreeNumbers.csproj", "{3D6DEA93-DA00-4212-883E-4965573AE3A9}"
EndProject
Project("{FAE04EC0-301F-11D3-BF4B-00C04F79EFBC}") = "P05ShortWordsSorted", "P05ShortWordsSorted\P05ShortWordsSorted.csproj", "{C409FD75-8E1E-48A0-A814-AEDA40B915AF}"
EndProject
Project("{FAE04EC0-301F-11D3-BF4B-00C04F79EFBC}") = "P06FoldAndSum", "P06FoldAndSum\P06FoldAndSum.csproj", "{57A6ACAD-2F48-4514-8B78-34596170632C}"
EndProject
Global
	GlobalSection(SolutionConfigurationPlatforms) = preSolution
		Debug|Any CPU = Debug|Any CPU
		Release|Any CPU = Release|Any CPU
	EndGlobalSection
	GlobalSection(ProjectConfigurationPlatforms) = postSolution
		{327CABCE-3E3A-4FE7-99D5-F074E4B5AE16}.Debug|Any CPU.ActiveCfg = Debug|Any CPU
		{327CABCE-3E3A-4FE7-99D5-F074E4B5AE16}.Debug|Any CPU.Build.0 = Debug|Any CPU
		{327CABCE-3E3A-4FE7-99D5-F074E4B5AE16}.Release|Any CPU.ActiveCfg = Release|Any CPU
		{327CABCE-3E3A-4FE7-99D5-F074E4B5AE16}.Release|Any CPU.Build.0 = Release|Any CPU
		{B70E742A-565A-402F-B84A-4E06ECFEA0D6}.Debug|Any CPU.ActiveCfg = Debug|Any CPU
		{B70E742A-565A-402F-B84A-4E06ECFEA0D6}.Debug|Any CPU.Build.0 = Debug|Any CPU
		{B70E742A-565A-402F-B84A-4E06ECFEA0D6}.Release|Any CPU.ActiveCfg = Release|Any CPU
		{B70E742A-565A-402F-B84A-4E06ECFEA0D6}.Release|Any CPU.Build.0 = Release|Any CPU
		{8F6FF49F-9086-4802-AF20-C4FAB61E6E1E}.Debug|Any CPU.ActiveCfg = Debug|Any CPU
		{8F6FF49F-9086-4802-AF20-C4FAB61E6E1E}.Debug|Any CPU.Build.0 = Debug|Any CPU
		{8F6FF49F-9086-4802-AF20-C4FAB61E6E1E}.Release|Any CPU.ActiveCfg = Release|Any CPU
		{8F6FF49F-9086-4802-AF20-C4FAB61E6E1E}.Release|Any CPU.Build.0 = Release|Any CPU
		{3D6DEA93-DA00-4212-883E-4965573AE3A9}.Debug|Any CPU.ActiveCfg = Debug|Any CPU
		{3D6DEA93-DA00-4212-883E-4965573AE3A9}.Debug|Any CPU.Build.0 = Debug|Any CPU
		{3D6DEA93-DA00-4212-883E-4965573AE3A9}.Release|Any CPU.ActiveCfg = Release|Any CPU
		{3D6DEA93-DA00-4212-883E-4965573AE3A9}.Release|Any CPU.Build.0 = Release|Any CPU
		{C409FD75-8E1E-48A0-A814-AEDA40B915AF}.Debug|Any CPU.ActiveCfg = Debug|Any CPU
		{C409FD75-8E1E-48A0-A814-AEDA40B915AF}.Debug|Any CPU.Build.0 = Debug|Any CPU
		{C409FD75-8E1E-48A0-A814-AEDA40B915AF}.Release|Any CPU.ActiveCfg = Release|Any CPU
		{C409FD75-8E1E-48A0-A814-AEDA40B915AF}.Release|Any CPU.Build.0 = Release|Any CPU
		{57A6ACAD-2F48-4514-8B78-34596170632C}.Debug|Any CPU.ActiveCfg = Debug|Any CPU
		{57A6ACAD-2F48-4514-8B78-34596170632C}.Debug|Any CPU.Build.0 = Debug|Any CPU
		{57A6ACAD-2F48-4514-8B78-34596170632C}.Release|Any CPU.ActiveCfg = Release|Any CPU
		{57A6ACAD-2F48-4514-8B78-34596170632C}.Release|Any CPU.Build.0 = Release|Any CPU
	EndGlobalSection
	GlobalSection(SolutionProperties) = preSolution
		HideSolutionNode = FALSE
	EndGlobalSection
	GlobalSection(ExtensibilityGlobals) = postSolution
		SolutionGuid = {27BDB649-4EA7-4D86-B2C2-B26DA4900F34}
	EndGlobalSection
EndGlobal
