
Microsoft Visual Studio Solution File, Format Version 12.00
# Visual Studio 15
VisualStudioVersion = 15.0.27130.2010
MinimumVisualStudioVersion = 10.0.40219.1
Project("{FAE04EC0-301F-11D3-BF4B-00C04F79EFBC}") = "P01MaxSequenceOfEqualElements", "P01MaxSequenceOfEqualElements\P01MaxSequenceOfEqualElements.csproj", "{476BAF38-D004-45CE-9B53-F188D1F5A161}"
EndProject
Global
	GlobalSection(SolutionConfigurationPlatforms) = preSolution
		Debug|Any CPU = Debug|Any CPU
		Release|Any CPU = Release|Any CPU
	EndGlobalSection
	GlobalSection(ProjectConfigurationPlatforms) = postSolution
		{476BAF38-D004-45CE-9B53-F188D1F5A161}.Debug|Any CPU.ActiveCfg = Debug|Any CPU
		{476BAF38-D004-45CE-9B53-F188D1F5A161}.Debug|Any CPU.Build.0 = Debug|Any CPU
		{476BAF38-D004-45CE-9B53-F188D1F5A161}.Release|Any CPU.ActiveCfg = Release|Any CPU
		{476BAF38-D004-45CE-9B53-F188D1F5A161}.Release|Any CPU.Build.0 = Release|Any CPU
	EndGlobalSection
	GlobalSection(SolutionProperties) = preSolution
		HideSolutionNode = FALSE
	EndGlobalSection
	GlobalSection(ExtensibilityGlobals) = postSolution
		SolutionGuid = {8F7D5620-5F41-475A-B337-1DBBAE3CE3C7}
	EndGlobalSection
EndGlobal
