
Microsoft Visual Studio Solution File, Format Version 12.00
# Visual Studio 15
VisualStudioVersion = 15.0.27130.2010
MinimumVisualStudioVersion = 10.0.40219.1
Project("{9A19103F-16F7-4668-BE54-9A1E7A4F7556}") = "P01MatchFullName", "P01MatchFullName\P01MatchFullName.csproj", "{8CDD99C0-9F4D-4AF0-A245-3F51AADFBAAC}"
EndProject
Project("{9A19103F-16F7-4668-BE54-9A1E7A4F7556}") = "P02MatchPhoneNumber", "02. Match PhoneNumber\P02MatchPhoneNumber.csproj", "{56CCC892-270B-457C-AED5-5D774D538C8C}"
EndProject
Project("{9A19103F-16F7-4668-BE54-9A1E7A4F7556}") = "P03MatchHexadecimalNumbers", "P03MatchHexadecimalNumbers\P03MatchHexadecimalNumbers.csproj", "{1B603416-E66D-476B-8084-727CA2291703}"
EndProject
Project("{FAE04EC0-301F-11D3-BF4B-00C04F79EFBC}") = "P04MatchDates", "P04MatchDates\P04MatchDates.csproj", "{859F347C-B349-4A68-8D32-B6F849DCA886}"
EndProject
Project("{FAE04EC0-301F-11D3-BF4B-00C04F79EFBC}") = "P05MatchNumbers", "P05MatchNumbers\P05MatchNumbers.csproj", "{8941EA84-52F0-46D7-92BF-F85396243969}"
EndProject
Project("{FAE04EC0-301F-11D3-BF4B-00C04F79EFBC}") = "P06ReplaceATag", "P06ReplaceATag\P06ReplaceATag.csproj", "{6170A690-399E-48C9-BB82-9DE8E7DED7EC}"
EndProject
Global
	GlobalSection(SolutionConfigurationPlatforms) = preSolution
		Debug|Any CPU = Debug|Any CPU
		Release|Any CPU = Release|Any CPU
	EndGlobalSection
	GlobalSection(ProjectConfigurationPlatforms) = postSolution
		{8CDD99C0-9F4D-4AF0-A245-3F51AADFBAAC}.Debug|Any CPU.ActiveCfg = Debug|Any CPU
		{8CDD99C0-9F4D-4AF0-A245-3F51AADFBAAC}.Debug|Any CPU.Build.0 = Debug|Any CPU
		{8CDD99C0-9F4D-4AF0-A245-3F51AADFBAAC}.Release|Any CPU.ActiveCfg = Release|Any CPU
		{8CDD99C0-9F4D-4AF0-A245-3F51AADFBAAC}.Release|Any CPU.Build.0 = Release|Any CPU
		{56CCC892-270B-457C-AED5-5D774D538C8C}.Debug|Any CPU.ActiveCfg = Debug|Any CPU
		{56CCC892-270B-457C-AED5-5D774D538C8C}.Debug|Any CPU.Build.0 = Debug|Any CPU
		{56CCC892-270B-457C-AED5-5D774D538C8C}.Release|Any CPU.ActiveCfg = Release|Any CPU
		{56CCC892-270B-457C-AED5-5D774D538C8C}.Release|Any CPU.Build.0 = Release|Any CPU
		{1B603416-E66D-476B-8084-727CA2291703}.Debug|Any CPU.ActiveCfg = Debug|Any CPU
		{1B603416-E66D-476B-8084-727CA2291703}.Debug|Any CPU.Build.0 = Debug|Any CPU
		{1B603416-E66D-476B-8084-727CA2291703}.Release|Any CPU.ActiveCfg = Release|Any CPU
		{1B603416-E66D-476B-8084-727CA2291703}.Release|Any CPU.Build.0 = Release|Any CPU
		{859F347C-B349-4A68-8D32-B6F849DCA886}.Debug|Any CPU.ActiveCfg = Debug|Any CPU
		{859F347C-B349-4A68-8D32-B6F849DCA886}.Debug|Any CPU.Build.0 = Debug|Any CPU
		{859F347C-B349-4A68-8D32-B6F849DCA886}.Release|Any CPU.ActiveCfg = Release|Any CPU
		{859F347C-B349-4A68-8D32-B6F849DCA886}.Release|Any CPU.Build.0 = Release|Any CPU
		{8941EA84-52F0-46D7-92BF-F85396243969}.Debug|Any CPU.ActiveCfg = Debug|Any CPU
		{8941EA84-52F0-46D7-92BF-F85396243969}.Debug|Any CPU.Build.0 = Debug|Any CPU
		{8941EA84-52F0-46D7-92BF-F85396243969}.Release|Any CPU.ActiveCfg = Release|Any CPU
		{8941EA84-52F0-46D7-92BF-F85396243969}.Release|Any CPU.Build.0 = Release|Any CPU
		{6170A690-399E-48C9-BB82-9DE8E7DED7EC}.Debug|Any CPU.ActiveCfg = Debug|Any CPU
		{6170A690-399E-48C9-BB82-9DE8E7DED7EC}.Debug|Any CPU.Build.0 = Debug|Any CPU
		{6170A690-399E-48C9-BB82-9DE8E7DED7EC}.Release|Any CPU.ActiveCfg = Release|Any CPU
		{6170A690-399E-48C9-BB82-9DE8E7DED7EC}.Release|Any CPU.Build.0 = Release|Any CPU
	EndGlobalSection
	GlobalSection(SolutionProperties) = preSolution
		HideSolutionNode = FALSE
	EndGlobalSection
	GlobalSection(ExtensibilityGlobals) = postSolution
		SolutionGuid = {113B608F-870E-40EC-BC74-42F8F669F4D3}
	EndGlobalSection
EndGlobal
