
Microsoft Visual Studio Solution File, Format Version 12.00
# Visual Studio 15
VisualStudioVersion = 15.0.27130.2010
MinimumVisualStudioVersion = 10.0.40219.1
Project("{9A19103F-16F7-4668-BE54-9A1E7A4F7556}") = "P01ReverseString", "P01ReverseString\P01ReverseString.csproj", "{EAD1C275-BBAA-4D38-A1F2-6157B92ACD66}"
EndProject
Project("{FAE04EC0-301F-11D3-BF4B-00C04F79EFBC}") = "P02CountSubstringOccurrences", "P02CountSubstringOccurrences\P02CountSubstringOccurrences.csproj", "{362B42B7-07DB-4702-9F07-269311E5D94A}"
EndProject
Project("{FAE04EC0-301F-11D3-BF4B-00C04F79EFBC}") = "P03TextFilter", "P03TextFilter\P03TextFilter.csproj", "{E35CAA21-D1A1-46A0-8829-DF2D18F5D8F7}"
EndProject
Project("{FAE04EC0-301F-11D3-BF4B-00C04F79EFBC}") = "P04Palindromes", "P04Palindromes\P04Palindromes.csproj", "{C21084CE-F85C-43AC-BDAA-5C6F30317822}"
EndProject
Global
	GlobalSection(SolutionConfigurationPlatforms) = preSolution
		Debug|Any CPU = Debug|Any CPU
		Release|Any CPU = Release|Any CPU
	EndGlobalSection
	GlobalSection(ProjectConfigurationPlatforms) = postSolution
		{EAD1C275-BBAA-4D38-A1F2-6157B92ACD66}.Debug|Any CPU.ActiveCfg = Debug|Any CPU
		{EAD1C275-BBAA-4D38-A1F2-6157B92ACD66}.Debug|Any CPU.Build.0 = Debug|Any CPU
		{EAD1C275-BBAA-4D38-A1F2-6157B92ACD66}.Release|Any CPU.ActiveCfg = Release|Any CPU
		{EAD1C275-BBAA-4D38-A1F2-6157B92ACD66}.Release|Any CPU.Build.0 = Release|Any CPU
		{362B42B7-07DB-4702-9F07-269311E5D94A}.Debug|Any CPU.ActiveCfg = Debug|Any CPU
		{362B42B7-07DB-4702-9F07-269311E5D94A}.Debug|Any CPU.Build.0 = Debug|Any CPU
		{362B42B7-07DB-4702-9F07-269311E5D94A}.Release|Any CPU.ActiveCfg = Release|Any CPU
		{362B42B7-07DB-4702-9F07-269311E5D94A}.Release|Any CPU.Build.0 = Release|Any CPU
		{E35CAA21-D1A1-46A0-8829-DF2D18F5D8F7}.Debug|Any CPU.ActiveCfg = Debug|Any CPU
		{E35CAA21-D1A1-46A0-8829-DF2D18F5D8F7}.Debug|Any CPU.Build.0 = Debug|Any CPU
		{E35CAA21-D1A1-46A0-8829-DF2D18F5D8F7}.Release|Any CPU.ActiveCfg = Release|Any CPU
		{E35CAA21-D1A1-46A0-8829-DF2D18F5D8F7}.Release|Any CPU.Build.0 = Release|Any CPU
		{C21084CE-F85C-43AC-BDAA-5C6F30317822}.Debug|Any CPU.ActiveCfg = Debug|Any CPU
		{C21084CE-F85C-43AC-BDAA-5C6F30317822}.Debug|Any CPU.Build.0 = Debug|Any CPU
		{C21084CE-F85C-43AC-BDAA-5C6F30317822}.Release|Any CPU.ActiveCfg = Release|Any CPU
		{C21084CE-F85C-43AC-BDAA-5C6F30317822}.Release|Any CPU.Build.0 = Release|Any CPU
	EndGlobalSection
	GlobalSection(SolutionProperties) = preSolution
		HideSolutionNode = FALSE
	EndGlobalSection
	GlobalSection(ExtensibilityGlobals) = postSolution
		SolutionGuid = {397FBF85-0394-4E30-8F5D-A4E57F19001C}
	EndGlobalSection
EndGlobal
