
Microsoft Visual Studio Solution File, Format Version 12.00
# Visual Studio 15
VisualStudioVersion = 15.0.27130.2010
MinimumVisualStudioVersion = 10.0.40219.1
Project("{FAE04EC0-301F-11D3-BF4B-00C04F79EFBC}") = "P01ConvertFromBase10ToBaseN", "P01ConvertFromBase10ToBaseN\P01ConvertFromBase10ToBaseN.csproj", "{77AFDCA5-3E83-481C-9F90-9B71D009B6C1}"
EndProject
Project("{FAE04EC0-301F-11D3-BF4B-00C04F79EFBC}") = "P02ConvertFromBaseNToBase10", "P02ConvertFromBaseNToBase10\P02ConvertFromBaseNToBase10.csproj", "{165C9533-2711-4A3D-B5BA-190FE916F6BF}"
EndProject
Global
	GlobalSection(SolutionConfigurationPlatforms) = preSolution
		Debug|Any CPU = Debug|Any CPU
		Release|Any CPU = Release|Any CPU
	EndGlobalSection
	GlobalSection(ProjectConfigurationPlatforms) = postSolution
		{77AFDCA5-3E83-481C-9F90-9B71D009B6C1}.Debug|Any CPU.ActiveCfg = Debug|Any CPU
		{77AFDCA5-3E83-481C-9F90-9B71D009B6C1}.Debug|Any CPU.Build.0 = Debug|Any CPU
		{77AFDCA5-3E83-481C-9F90-9B71D009B6C1}.Release|Any CPU.ActiveCfg = Release|Any CPU
		{77AFDCA5-3E83-481C-9F90-9B71D009B6C1}.Release|Any CPU.Build.0 = Release|Any CPU
		{165C9533-2711-4A3D-B5BA-190FE916F6BF}.Debug|Any CPU.ActiveCfg = Debug|Any CPU
		{165C9533-2711-4A3D-B5BA-190FE916F6BF}.Debug|Any CPU.Build.0 = Debug|Any CPU
		{165C9533-2711-4A3D-B5BA-190FE916F6BF}.Release|Any CPU.ActiveCfg = Release|Any CPU
		{165C9533-2711-4A3D-B5BA-190FE916F6BF}.Release|Any CPU.Build.0 = Release|Any CPU
	EndGlobalSection
	GlobalSection(SolutionProperties) = preSolution
		HideSolutionNode = FALSE
	EndGlobalSection
	GlobalSection(ExtensibilityGlobals) = postSolution
		SolutionGuid = {C2B7606D-5624-4AE7-8C01-A7F03FE99717}
	EndGlobalSection
EndGlobal
