
Microsoft Visual Studio Solution File, Format Version 12.00
# Visual Studio 15
VisualStudioVersion = 15.0.27130.2010
MinimumVisualStudioVersion = 10.0.40219.1
Project("{FAE04EC0-301F-11D3-BF4B-00C04F79EFBC}") = "P01SinoTheWalker", "P01SinoTheWalker\P01SinoTheWalker.csproj", "{053E9C5F-2530-461C-84FE-73ABB0EE6C9C}"
EndProject
Project("{FAE04EC0-301F-11D3-BF4B-00C04F79EFBC}") = "P02SoftUniKaraoke", "P02SoftUniKaraoke\P02SoftUniKaraoke.csproj", "{62A796B9-5E32-4B58-82EC-3459EBFAD926}"
EndProject
Project("{FAE04EC0-301F-11D3-BF4B-00C04F79EFBC}") = "P03EnduranceRally", "P03EnduranceRally\P03EnduranceRally.csproj", "{9AB93B61-CBA7-4E93-B18B-1C3840300153}"
EndProject
Project("{FAE04EC0-301F-11D3-BF4B-00C04F79EFBC}") = "P04WinningTicket", "P04WinningTicket\P04WinningTicket.csproj", "{A0B7B103-8BF5-442E-A259-24310227CA5E}"
EndProject
Global
	GlobalSection(SolutionConfigurationPlatforms) = preSolution
		Debug|Any CPU = Debug|Any CPU
		Release|Any CPU = Release|Any CPU
	EndGlobalSection
	GlobalSection(ProjectConfigurationPlatforms) = postSolution
		{053E9C5F-2530-461C-84FE-73ABB0EE6C9C}.Debug|Any CPU.ActiveCfg = Debug|Any CPU
		{053E9C5F-2530-461C-84FE-73ABB0EE6C9C}.Debug|Any CPU.Build.0 = Debug|Any CPU
		{053E9C5F-2530-461C-84FE-73ABB0EE6C9C}.Release|Any CPU.ActiveCfg = Release|Any CPU
		{053E9C5F-2530-461C-84FE-73ABB0EE6C9C}.Release|Any CPU.Build.0 = Release|Any CPU
		{62A796B9-5E32-4B58-82EC-3459EBFAD926}.Debug|Any CPU.ActiveCfg = Debug|Any CPU
		{62A796B9-5E32-4B58-82EC-3459EBFAD926}.Debug|Any CPU.Build.0 = Debug|Any CPU
		{62A796B9-5E32-4B58-82EC-3459EBFAD926}.Release|Any CPU.ActiveCfg = Release|Any CPU
		{62A796B9-5E32-4B58-82EC-3459EBFAD926}.Release|Any CPU.Build.0 = Release|Any CPU
		{9AB93B61-CBA7-4E93-B18B-1C3840300153}.Debug|Any CPU.ActiveCfg = Debug|Any CPU
		{9AB93B61-CBA7-4E93-B18B-1C3840300153}.Debug|Any CPU.Build.0 = Debug|Any CPU
		{9AB93B61-CBA7-4E93-B18B-1C3840300153}.Release|Any CPU.ActiveCfg = Release|Any CPU
		{9AB93B61-CBA7-4E93-B18B-1C3840300153}.Release|Any CPU.Build.0 = Release|Any CPU
		{A0B7B103-8BF5-442E-A259-24310227CA5E}.Debug|Any CPU.ActiveCfg = Debug|Any CPU
		{A0B7B103-8BF5-442E-A259-24310227CA5E}.Debug|Any CPU.Build.0 = Debug|Any CPU
		{A0B7B103-8BF5-442E-A259-24310227CA5E}.Release|Any CPU.ActiveCfg = Release|Any CPU
		{A0B7B103-8BF5-442E-A259-24310227CA5E}.Release|Any CPU.Build.0 = Release|Any CPU
	EndGlobalSection
	GlobalSection(SolutionProperties) = preSolution
		HideSolutionNode = FALSE
	EndGlobalSection
	GlobalSection(ExtensibilityGlobals) = postSolution
		SolutionGuid = {493BF5AF-9C7A-445B-B2A6-526CEB502024}
	EndGlobalSection
EndGlobal
