
Microsoft Visual Studio Solution File, Format Version 12.00
# Visual Studio 15
VisualStudioVersion = 15.0.27130.2010
MinimumVisualStudioVersion = 10.0.40219.1
Project("{9A19103F-16F7-4668-BE54-9A1E7A4F7556}") = "P01DayOfWeek", "P01DayOfWeek\P01DayOfWeek.csproj", "{C40B5903-7CCB-496A-9BD4-2AFFC40AD456}"
EndProject
Project("{9A19103F-16F7-4668-BE54-9A1E7A4F7556}") = "P02ReverseArrayOfIntegers", "P02ReverseArrayOfIntegers\P02ReverseArrayOfIntegers.csproj", "{5DC3DA7B-91AA-4716-A06B-7673B445DAE6}"
EndProject
Project("{9A19103F-16F7-4668-BE54-9A1E7A4F7556}") = "P03LastKNumbersSums", "P03LastKNumbersSums\P03LastKNumbersSums.csproj", "{F3050CB0-065F-4D93-B05B-3442926EC3CD}"
EndProject
Project("{9A19103F-16F7-4668-BE54-9A1E7A4F7556}") = "P04TripleSum", "P04TripleSum\P04TripleSum.csproj", "{BF7E6EFD-05F8-4812-B38D-899A4FE01A55}"
EndProject
Project("{9A19103F-16F7-4668-BE54-9A1E7A4F7556}") = "P05RoundingNumbersAwayFromZero", "P05RoundingNumbersAwayFromZero\P05RoundingNumbersAwayFromZero.csproj", "{50452922-16E2-4942-8C8D-DE88C56CEA59}"
EndProject
Project("{FAE04EC0-301F-11D3-BF4B-00C04F79EFBC}") = "P06ReverseArrayOfStrings", "P06ReverseArrayOfStrings\P06ReverseArrayOfStrings.csproj", "{5B3D6B01-6948-4250-8D1D-5933D4AF9BEC}"
EndProject
Project("{FAE04EC0-301F-11D3-BF4B-00C04F79EFBC}") = "P07SumArrays", "P07SumArrays\P07SumArrays.csproj", "{9A4E721D-AD2C-4B3C-948E-2BEB95B41303}"
EndProject
Project("{FAE04EC0-301F-11D3-BF4B-00C04F79EFBC}") = "P08CondenseArrayToNumber", "P08CondenseArrayToNumber\P08CondenseArrayToNumber.csproj", "{4CE5F7B4-CE8D-44ED-A4E7-CA900346B694}"
EndProject
Project("{FAE04EC0-301F-11D3-BF4B-00C04F79EFBC}") = "P09ExtractMiddleElements", "P09ExtractMiddleElements\P09ExtractMiddleElements.csproj", "{7D897954-42DE-41A2-8421-138B1DB97F03}"
EndProject
Global
	GlobalSection(SolutionConfigurationPlatforms) = preSolution
		Debug|Any CPU = Debug|Any CPU
		Release|Any CPU = Release|Any CPU
	EndGlobalSection
	GlobalSection(ProjectConfigurationPlatforms) = postSolution
		{C40B5903-7CCB-496A-9BD4-2AFFC40AD456}.Debug|Any CPU.ActiveCfg = Debug|Any CPU
		{C40B5903-7CCB-496A-9BD4-2AFFC40AD456}.Debug|Any CPU.Build.0 = Debug|Any CPU
		{C40B5903-7CCB-496A-9BD4-2AFFC40AD456}.Release|Any CPU.ActiveCfg = Release|Any CPU
		{C40B5903-7CCB-496A-9BD4-2AFFC40AD456}.Release|Any CPU.Build.0 = Release|Any CPU
		{5DC3DA7B-91AA-4716-A06B-7673B445DAE6}.Debug|Any CPU.ActiveCfg = Debug|Any CPU
		{5DC3DA7B-91AA-4716-A06B-7673B445DAE6}.Debug|Any CPU.Build.0 = Debug|Any CPU
		{5DC3DA7B-91AA-4716-A06B-7673B445DAE6}.Release|Any CPU.ActiveCfg = Release|Any CPU
		{5DC3DA7B-91AA-4716-A06B-7673B445DAE6}.Release|Any CPU.Build.0 = Release|Any CPU
		{F3050CB0-065F-4D93-B05B-3442926EC3CD}.Debug|Any CPU.ActiveCfg = Debug|Any CPU
		{F3050CB0-065F-4D93-B05B-3442926EC3CD}.Debug|Any CPU.Build.0 = Debug|Any CPU
		{F3050CB0-065F-4D93-B05B-3442926EC3CD}.Release|Any CPU.ActiveCfg = Release|Any CPU
		{F3050CB0-065F-4D93-B05B-3442926EC3CD}.Release|Any CPU.Build.0 = Release|Any CPU
		{BF7E6EFD-05F8-4812-B38D-899A4FE01A55}.Debug|Any CPU.ActiveCfg = Debug|Any CPU
		{BF7E6EFD-05F8-4812-B38D-899A4FE01A55}.Debug|Any CPU.Build.0 = Debug|Any CPU
		{BF7E6EFD-05F8-4812-B38D-899A4FE01A55}.Release|Any CPU.ActiveCfg = Release|Any CPU
		{BF7E6EFD-05F8-4812-B38D-899A4FE01A55}.Release|Any CPU.Build.0 = Release|Any CPU
		{50452922-16E2-4942-8C8D-DE88C56CEA59}.Debug|Any CPU.ActiveCfg = Debug|Any CPU
		{50452922-16E2-4942-8C8D-DE88C56CEA59}.Debug|Any CPU.Build.0 = Debug|Any CPU
		{50452922-16E2-4942-8C8D-DE88C56CEA59}.Release|Any CPU.ActiveCfg = Release|Any CPU
		{50452922-16E2-4942-8C8D-DE88C56CEA59}.Release|Any CPU.Build.0 = Release|Any CPU
		{5B3D6B01-6948-4250-8D1D-5933D4AF9BEC}.Debug|Any CPU.ActiveCfg = Debug|Any CPU
		{5B3D6B01-6948-4250-8D1D-5933D4AF9BEC}.Debug|Any CPU.Build.0 = Debug|Any CPU
		{5B3D6B01-6948-4250-8D1D-5933D4AF9BEC}.Release|Any CPU.ActiveCfg = Release|Any CPU
		{5B3D6B01-6948-4250-8D1D-5933D4AF9BEC}.Release|Any CPU.Build.0 = Release|Any CPU
		{9A4E721D-AD2C-4B3C-948E-2BEB95B41303}.Debug|Any CPU.ActiveCfg = Debug|Any CPU
		{9A4E721D-AD2C-4B3C-948E-2BEB95B41303}.Debug|Any CPU.Build.0 = Debug|Any CPU
		{9A4E721D-AD2C-4B3C-948E-2BEB95B41303}.Release|Any CPU.ActiveCfg = Release|Any CPU
		{9A4E721D-AD2C-4B3C-948E-2BEB95B41303}.Release|Any CPU.Build.0 = Release|Any CPU
		{4CE5F7B4-CE8D-44ED-A4E7-CA900346B694}.Debug|Any CPU.ActiveCfg = Debug|Any CPU
		{4CE5F7B4-CE8D-44ED-A4E7-CA900346B694}.Debug|Any CPU.Build.0 = Debug|Any CPU
		{4CE5F7B4-CE8D-44ED-A4E7-CA900346B694}.Release|Any CPU.ActiveCfg = Release|Any CPU
		{4CE5F7B4-CE8D-44ED-A4E7-CA900346B694}.Release|Any CPU.Build.0 = Release|Any CPU
		{7D897954-42DE-41A2-8421-138B1DB97F03}.Debug|Any CPU.ActiveCfg = Debug|Any CPU
		{7D897954-42DE-41A2-8421-138B1DB97F03}.Debug|Any CPU.Build.0 = Debug|Any CPU
		{7D897954-42DE-41A2-8421-138B1DB97F03}.Release|Any CPU.ActiveCfg = Release|Any CPU
		{7D897954-42DE-41A2-8421-138B1DB97F03}.Release|Any CPU.Build.0 = Release|Any CPU
	EndGlobalSection
	GlobalSection(SolutionProperties) = preSolution
		HideSolutionNode = FALSE
	EndGlobalSection
	GlobalSection(ExtensibilityGlobals) = postSolution
		SolutionGuid = {C46A4A4D-F0B6-4B0D-AE98-DC3476E539E6}
	EndGlobalSection
EndGlobal
