
Microsoft Visual Studio Solution File, Format Version 12.00
# Visual Studio 15
VisualStudioVersion = 15.0.27130.2010
MinimumVisualStudioVersion = 10.0.40219.1
Project("{9A19103F-16F7-4668-BE54-9A1E7A4F7556}") = "P01TypeBoundaries", "P01TypeBoundaries\P01TypeBoundaries.csproj", "{2C1CAFF2-C749-443B-A0B8-37FE543D0CC8}"
EndProject
Project("{9A19103F-16F7-4668-BE54-9A1E7A4F7556}") = "P02NumberChecker", "P02NumberChecker\P02NumberChecker.csproj", "{D19BBF94-6B35-4848-9D38-161875F4C95A}"
EndProject
Project("{9A19103F-16F7-4668-BE54-9A1E7A4F7556}") = "P03WaterOverflow", "P03WaterOverflow\P03WaterOverflow.csproj", "{1FE93F8C-53C8-4786-B5AD-A35124357C65}"
EndProject
Project("{FAE04EC0-301F-11D3-BF4B-00C04F79EFBC}") = "P04TouristInformation", "P04TouristInformation\P04TouristInformation.csproj", "{3028C492-7481-4C62-A3F7-0FDD9A1C830C}"
EndProject
Project("{FAE04EC0-301F-11D3-BF4B-00C04F79EFBC}") = "P05WeatherForecast", "P05WeatherForecast\P05WeatherForecast.csproj", "{0B86E9CD-979F-4BAE-BECE-1E62A5B83E1F}"
EndProject
Project("{FAE04EC0-301F-11D3-BF4B-00C04F79EFBC}") = "P06CatchTheThief", "P06CatchTheThief\P06CatchTheThief.csproj", "{CF44C323-F903-44FE-A842-9325EC9BBB53}"
EndProject
Project("{FAE04EC0-301F-11D3-BF4B-00C04F79EFBC}") = "P07SentenceTheThief", "P07SentenceTheThief\P07SentenceTheThief.csproj", "{905E10C3-E5BB-4063-97A1-D668C5D22ED6}"
EndProject
Project("{FAE04EC0-301F-11D3-BF4B-00C04F79EFBC}") = "P08HouseBuilder", "P08HouseBuilder\P08HouseBuilder.csproj", "{529299F8-647B-4E07-B1D9-8B7C6D906FB7}"
EndProject
Project("{FAE04EC0-301F-11D3-BF4B-00C04F79EFBC}") = "P09MakeAWord", "P09MakeAWord\P09MakeAWord.csproj", "{C3FF034A-3F32-4277-AD63-73C5ABFE224B}"
EndProject
Project("{FAE04EC0-301F-11D3-BF4B-00C04F79EFBC}") = "P10SumOfChars", "P10SumOfChars\P10SumOfChars.csproj", "{28785C36-033E-4532-BF9E-020BE67E40D2}"
EndProject
Project("{FAE04EC0-301F-11D3-BF4B-00C04F79EFBC}") = "P11StringConcatenation", "P11StringConcatenation\P11StringConcatenation.csproj", "{D21ADCFA-9796-47B9-98DA-681C95622562}"
EndProject
Project("{FAE04EC0-301F-11D3-BF4B-00C04F79EFBC}") = "P12BeerKegs", "P12BeerKegs\P12BeerKegs.csproj", "{6720DD1D-45AE-4E43-B526-9D55510BA8CC}"
EndProject
Project("{FAE04EC0-301F-11D3-BF4B-00C04F79EFBC}") = "P13DecryptingMessage", "P13DecryptingMessage\P13DecryptingMessage.csproj", "{FE03A375-C646-4011-9C7F-6ABF5433331B}"
EndProject
Project("{FAE04EC0-301F-11D3-BF4B-00C04F79EFBC}") = "P14BoatSimulator", "P14BoatSimulator\P14BoatSimulator.csproj", "{D5C2269E-B7C5-4E10-9834-5E9C481AA087}"
EndProject
Project("{FAE04EC0-301F-11D3-BF4B-00C04F79EFBC}") = "P15BalancedBrackets", "P15BalancedBrackets\P15BalancedBrackets.csproj", "{C8D41966-B3CF-455D-A93F-A66FBAB12EA6}"
EndProject
Global
	GlobalSection(SolutionConfigurationPlatforms) = preSolution
		Debug|Any CPU = Debug|Any CPU
		Release|Any CPU = Release|Any CPU
	EndGlobalSection
	GlobalSection(ProjectConfigurationPlatforms) = postSolution
		{2C1CAFF2-C749-443B-A0B8-37FE543D0CC8}.Debug|Any CPU.ActiveCfg = Debug|Any CPU
		{2C1CAFF2-C749-443B-A0B8-37FE543D0CC8}.Debug|Any CPU.Build.0 = Debug|Any CPU
		{2C1CAFF2-C749-443B-A0B8-37FE543D0CC8}.Release|Any CPU.ActiveCfg = Release|Any CPU
		{2C1CAFF2-C749-443B-A0B8-37FE543D0CC8}.Release|Any CPU.Build.0 = Release|Any CPU
		{D19BBF94-6B35-4848-9D38-161875F4C95A}.Debug|Any CPU.ActiveCfg = Debug|Any CPU
		{D19BBF94-6B35-4848-9D38-161875F4C95A}.Debug|Any CPU.Build.0 = Debug|Any CPU
		{D19BBF94-6B35-4848-9D38-161875F4C95A}.Release|Any CPU.ActiveCfg = Release|Any CPU
		{D19BBF94-6B35-4848-9D38-161875F4C95A}.Release|Any CPU.Build.0 = Release|Any CPU
		{1FE93F8C-53C8-4786-B5AD-A35124357C65}.Debug|Any CPU.ActiveCfg = Debug|Any CPU
		{1FE93F8C-53C8-4786-B5AD-A35124357C65}.Debug|Any CPU.Build.0 = Debug|Any CPU
		{1FE93F8C-53C8-4786-B5AD-A35124357C65}.Release|Any CPU.ActiveCfg = Release|Any CPU
		{1FE93F8C-53C8-4786-B5AD-A35124357C65}.Release|Any CPU.Build.0 = Release|Any CPU
		{3028C492-7481-4C62-A3F7-0FDD9A1C830C}.Debug|Any CPU.ActiveCfg = Debug|Any CPU
		{3028C492-7481-4C62-A3F7-0FDD9A1C830C}.Debug|Any CPU.Build.0 = Debug|Any CPU
		{3028C492-7481-4C62-A3F7-0FDD9A1C830C}.Release|Any CPU.ActiveCfg = Release|Any CPU
		{3028C492-7481-4C62-A3F7-0FDD9A1C830C}.Release|Any CPU.Build.0 = Release|Any CPU
		{0B86E9CD-979F-4BAE-BECE-1E62A5B83E1F}.Debug|Any CPU.ActiveCfg = Debug|Any CPU
		{0B86E9CD-979F-4BAE-BECE-1E62A5B83E1F}.Debug|Any CPU.Build.0 = Debug|Any CPU
		{0B86E9CD-979F-4BAE-BECE-1E62A5B83E1F}.Release|Any CPU.ActiveCfg = Release|Any CPU
		{0B86E9CD-979F-4BAE-BECE-1E62A5B83E1F}.Release|Any CPU.Build.0 = Release|Any CPU
		{CF44C323-F903-44FE-A842-9325EC9BBB53}.Debug|Any CPU.ActiveCfg = Debug|Any CPU
		{CF44C323-F903-44FE-A842-9325EC9BBB53}.Debug|Any CPU.Build.0 = Debug|Any CPU
		{CF44C323-F903-44FE-A842-9325EC9BBB53}.Release|Any CPU.ActiveCfg = Release|Any CPU
		{CF44C323-F903-44FE-A842-9325EC9BBB53}.Release|Any CPU.Build.0 = Release|Any CPU
		{905E10C3-E5BB-4063-97A1-D668C5D22ED6}.Debug|Any CPU.ActiveCfg = Debug|Any CPU
		{905E10C3-E5BB-4063-97A1-D668C5D22ED6}.Debug|Any CPU.Build.0 = Debug|Any CPU
		{905E10C3-E5BB-4063-97A1-D668C5D22ED6}.Release|Any CPU.ActiveCfg = Release|Any CPU
		{905E10C3-E5BB-4063-97A1-D668C5D22ED6}.Release|Any CPU.Build.0 = Release|Any CPU
		{529299F8-647B-4E07-B1D9-8B7C6D906FB7}.Debug|Any CPU.ActiveCfg = Debug|Any CPU
		{529299F8-647B-4E07-B1D9-8B7C6D906FB7}.Debug|Any CPU.Build.0 = Debug|Any CPU
		{529299F8-647B-4E07-B1D9-8B7C6D906FB7}.Release|Any CPU.ActiveCfg = Release|Any CPU
		{529299F8-647B-4E07-B1D9-8B7C6D906FB7}.Release|Any CPU.Build.0 = Release|Any CPU
		{C3FF034A-3F32-4277-AD63-73C5ABFE224B}.Debug|Any CPU.ActiveCfg = Debug|Any CPU
		{C3FF034A-3F32-4277-AD63-73C5ABFE224B}.Debug|Any CPU.Build.0 = Debug|Any CPU
		{C3FF034A-3F32-4277-AD63-73C5ABFE224B}.Release|Any CPU.ActiveCfg = Release|Any CPU
		{C3FF034A-3F32-4277-AD63-73C5ABFE224B}.Release|Any CPU.Build.0 = Release|Any CPU
		{28785C36-033E-4532-BF9E-020BE67E40D2}.Debug|Any CPU.ActiveCfg = Debug|Any CPU
		{28785C36-033E-4532-BF9E-020BE67E40D2}.Debug|Any CPU.Build.0 = Debug|Any CPU
		{28785C36-033E-4532-BF9E-020BE67E40D2}.Release|Any CPU.ActiveCfg = Release|Any CPU
		{28785C36-033E-4532-BF9E-020BE67E40D2}.Release|Any CPU.Build.0 = Release|Any CPU
		{D21ADCFA-9796-47B9-98DA-681C95622562}.Debug|Any CPU.ActiveCfg = Debug|Any CPU
		{D21ADCFA-9796-47B9-98DA-681C95622562}.Debug|Any CPU.Build.0 = Debug|Any CPU
		{D21ADCFA-9796-47B9-98DA-681C95622562}.Release|Any CPU.ActiveCfg = Release|Any CPU
		{D21ADCFA-9796-47B9-98DA-681C95622562}.Release|Any CPU.Build.0 = Release|Any CPU
		{6720DD1D-45AE-4E43-B526-9D55510BA8CC}.Debug|Any CPU.ActiveCfg = Debug|Any CPU
		{6720DD1D-45AE-4E43-B526-9D55510BA8CC}.Debug|Any CPU.Build.0 = Debug|Any CPU
		{6720DD1D-45AE-4E43-B526-9D55510BA8CC}.Release|Any CPU.ActiveCfg = Release|Any CPU
		{6720DD1D-45AE-4E43-B526-9D55510BA8CC}.Release|Any CPU.Build.0 = Release|Any CPU
		{FE03A375-C646-4011-9C7F-6ABF5433331B}.Debug|Any CPU.ActiveCfg = Debug|Any CPU
		{FE03A375-C646-4011-9C7F-6ABF5433331B}.Debug|Any CPU.Build.0 = Debug|Any CPU
		{FE03A375-C646-4011-9C7F-6ABF5433331B}.Release|Any CPU.ActiveCfg = Release|Any CPU
		{FE03A375-C646-4011-9C7F-6ABF5433331B}.Release|Any CPU.Build.0 = Release|Any CPU
		{D5C2269E-B7C5-4E10-9834-5E9C481AA087}.Debug|Any CPU.ActiveCfg = Debug|Any CPU
		{D5C2269E-B7C5-4E10-9834-5E9C481AA087}.Debug|Any CPU.Build.0 = Debug|Any CPU
		{D5C2269E-B7C5-4E10-9834-5E9C481AA087}.Release|Any CPU.ActiveCfg = Release|Any CPU
		{D5C2269E-B7C5-4E10-9834-5E9C481AA087}.Release|Any CPU.Build.0 = Release|Any CPU
		{C8D41966-B3CF-455D-A93F-A66FBAB12EA6}.Debug|Any CPU.ActiveCfg = Debug|Any CPU
		{C8D41966-B3CF-455D-A93F-A66FBAB12EA6}.Debug|Any CPU.Build.0 = Debug|Any CPU
		{C8D41966-B3CF-455D-A93F-A66FBAB12EA6}.Release|Any CPU.ActiveCfg = Release|Any CPU
		{C8D41966-B3CF-455D-A93F-A66FBAB12EA6}.Release|Any CPU.Build.0 = Release|Any CPU
	EndGlobalSection
	GlobalSection(SolutionProperties) = preSolution
		HideSolutionNode = FALSE
	EndGlobalSection
	GlobalSection(ExtensibilityGlobals) = postSolution
		SolutionGuid = {2D75FE57-1CB4-4A7A-B104-1D24C8266088}
	EndGlobalSection
EndGlobal
